// !$*UTF8*$!
{
	archiveVersion = 1;
	classes = {
	};
	objectVersion = 50;
	objects = {

/* Begin PBXBuildFile section */
		AAE9C0DB48393CA061148DC5 /* Pods_SiwftUI_JTAppleCalendar.framework in Frameworks */ = {isa = PBXBuildFile; fileRef = 564CCA86D8C6C12209D47990 /* Pods_SiwftUI_JTAppleCalendar.framework */; };
		F9736EE8235EF9CE004535DD /* AppDelegate.swift in Sources */ = {isa = PBXBuildFile; fileRef = F9736EE7235EF9CE004535DD /* AppDelegate.swift */; };
		F9736EEA235EF9CE004535DD /* SceneDelegate.swift in Sources */ = {isa = PBXBuildFile; fileRef = F9736EE9235EF9CE004535DD /* SceneDelegate.swift */; };
		F9736EEC235EF9CE004535DD /* ContentView.swift in Sources */ = {isa = PBXBuildFile; fileRef = F9736EEB235EF9CE004535DD /* ContentView.swift */; };
		F9736EEE235EF9D0004535DD /* Assets.xcassets in Resources */ = {isa = PBXBuildFile; fileRef = F9736EED235EF9D0004535DD /* Assets.xcassets */; };
		F9736EF1235EF9D0004535DD /* Preview Assets.xcassets in Resources */ = {isa = PBXBuildFile; fileRef = F9736EF0235EF9D0004535DD /* Preview Assets.xcassets */; };
		F9736EF4235EF9D0004535DD /* LaunchScreen.storyboard in Resources */ = {isa = PBXBuildFile; fileRef = F9736EF2235EF9D0004535DD /* LaunchScreen.storyboard */; };
		F9736F00235EFA00004535DD /* DateCellView.swift in Sources */ = {isa = PBXBuildFile; fileRef = F9736EFC235EFA00004535DD /* DateCellView.swift */; };
		F9736F01235EFA01004535DD /* Calendar+SwiftUI.swift in Sources */ = {isa = PBXBuildFile; fileRef = F9736EFD235EFA00004535DD /* Calendar+SwiftUI.swift */; };
		F9736F02235EFA01004535DD /* CalendarView.storyboard in Resources */ = {isa = PBXBuildFile; fileRef = F9736EFE235EFA00004535DD /* CalendarView.storyboard */; };
		F9736F03235EFA01004535DD /* CalendarViewController.swift in Sources */ = {isa = PBXBuildFile; fileRef = F9736EFF235EFA00004535DD /* CalendarViewController.swift */; };
/* End PBXBuildFile section */

/* Begin PBXFileReference section */
		5415F2719102C76F6818410A /* Pods-SiwftUI+JTAppleCalendar.release.xcconfig */ = {isa = PBXFileReference; includeInIndex = 1; lastKnownFileType = text.xcconfig; name = "Pods-SiwftUI+JTAppleCalendar.release.xcconfig"; path = "Target Support Files/Pods-SiwftUI+JTAppleCalendar/Pods-SiwftUI+JTAppleCalendar.release.xcconfig"; sourceTree = "<group>"; };
		564CCA86D8C6C12209D47990 /* Pods_SiwftUI_JTAppleCalendar.framework */ = {isa = PBXFileReference; explicitFileType = wrapper.framework; includeInIndex = 0; path = Pods_SiwftUI_JTAppleCalendar.framework; sourceTree = BUILT_PRODUCTS_DIR; };
		E72B65E4EB3BBDBA14A2EF4F /* Pods-SiwftUI+JTAppleCalendar.debug.xcconfig */ = {isa = PBXFileReference; includeInIndex = 1; lastKnownFileType = text.xcconfig; name = "Pods-SiwftUI+JTAppleCalendar.debug.xcconfig"; path = "Target Support Files/Pods-SiwftUI+JTAppleCalendar/Pods-SiwftUI+JTAppleCalendar.debug.xcconfig"; sourceTree = "<group>"; };
		F9736EE4235EF9CE004535DD /* SiwftUI+JTAppleCalendar.app */ = {isa = PBXFileReference; explicitFileType = wrapper.application; includeInIndex = 0; path = "SiwftUI+JTAppleCalendar.app"; sourceTree = BUILT_PRODUCTS_DIR; };
		F9736EE7235EF9CE004535DD /* AppDelegate.swift */ = {isa = PBXFileReference; lastKnownFileType = sourcecode.swift; path = AppDelegate.swift; sourceTree = "<group>"; };
		F9736EE9235EF9CE004535DD /* SceneDelegate.swift */ = {isa = PBXFileReference; lastKnownFileType = sourcecode.swift; path = SceneDelegate.swift; sourceTree = "<group>"; };
		F9736EEB235EF9CE004535DD /* ContentView.swift */ = {isa = PBXFileReference; lastKnownFileType = sourcecode.swift; path = ContentView.swift; sourceTree = "<group>"; };
		F9736EED235EF9D0004535DD /* Assets.xcassets */ = {isa = PBXFileReference; lastKnownFileType = folder.assetcatalog; path = Assets.xcassets; sourceTree = "<group>"; };
		F9736EF0235EF9D0004535DD /* Preview Assets.xcassets */ = {isa = PBXFileReference; lastKnownFileType = folder.assetcatalog; path = "Preview Assets.xcassets"; sourceTree = "<group>"; };
		F9736EF3235EF9D0004535DD /* Base */ = {isa = PBXFileReference; lastKnownFileType = file.storyboard; name = Base; path = Base.lproj/LaunchScreen.storyboard; sourceTree = "<group>"; };
		F9736EF5235EF9D0004535DD /* Info.plist */ = {isa = PBXFileReference; lastKnownFileType = text.plist.xml; path = Info.plist; sourceTree = "<group>"; };
		F9736EFC235EFA00004535DD /* DateCellView.swift */ = {isa = PBXFileReference; fileEncoding = 4; lastKnownFileType = sourcecode.swift; path = DateCellView.swift; sourceTree = "<group>"; };
		F9736EFD235EFA00004535DD /* Calendar+SwiftUI.swift */ = {isa = PBXFileReference; fileEncoding = 4; lastKnownFileType = sourcecode.swift; path = "Calendar+SwiftUI.swift"; sourceTree = "<group>"; };
		F9736EFE235EFA00004535DD /* CalendarView.storyboard */ = {isa = PBXFileReference; fileEncoding = 4; lastKnownFileType = file.storyboard; path = CalendarView.storyboard; sourceTree = "<group>"; };
		F9736EFF235EFA00004535DD /* CalendarViewController.swift */ = {isa = PBXFileReference; fileEncoding = 4; lastKnownFileType = sourcecode.swift; path = CalendarViewController.swift; sourceTree = "<group>"; };
/* End PBXFileReference section */

/* Begin PBXFrameworksBuildPhase section */
		F9736EE1235EF9CE004535DD /* Frameworks */ = {
			isa = PBXFrameworksBuildPhase;
			buildActionMask = 2147483647;
			files = (
				AAE9C0DB48393CA061148DC5 /* Pods_SiwftUI_JTAppleCalendar.framework in Frameworks */,
			);
			runOnlyForDeploymentPostprocessing = 0;
		};
/* End PBXFrameworksBuildPhase section */

/* Begin PBXGroup section */
		0609EABABAEC47B3E9113DDB /* Frameworks */ = {
			isa = PBXGroup;
			children = (
				564CCA86D8C6C12209D47990 /* Pods_SiwftUI_JTAppleCalendar.framework */,
			);
			name = Frameworks;
			sourceTree = "<group>";
		};
		604C8695B5337D3C94679E00 /* Pods */ = {
			isa = PBXGroup;
			children = (
				E72B65E4EB3BBDBA14A2EF4F /* Pods-SiwftUI+JTAppleCalendar.debug.xcconfig */,
				5415F2719102C76F6818410A /* Pods-SiwftUI+JTAppleCalendar.release.xcconfig */,
			);
			name = Pods;
			path = Pods;
			sourceTree = "<group>";
		};
		F9736EDB235EF9CE004535DD = {
			isa = PBXGroup;
			children = (
				F9736EE6235EF9CE004535DD /* SiwftUI+JTAppleCalendar */,
				F9736EE5235EF9CE004535DD /* Products */,
				604C8695B5337D3C94679E00 /* Pods */,
				0609EABABAEC47B3E9113DDB /* Frameworks */,
			);
			sourceTree = "<group>";
		};
		F9736EE5235EF9CE004535DD /* Products */ = {
			isa = PBXGroup;
			children = (
				F9736EE4235EF9CE004535DD /* SiwftUI+JTAppleCalendar.app */,
			);
			name = Products;
			sourceTree = "<group>";
		};
		F9736EE6235EF9CE004535DD /* SiwftUI+JTAppleCalendar */ = {
			isa = PBXGroup;
			children = (
				F9736EFB235EFA00004535DD /* Calendar */,
				F9736EE7235EF9CE004535DD /* AppDelegate.swift */,
				F9736EE9235EF9CE004535DD /* SceneDelegate.swift */,
				F9736EEB235EF9CE004535DD /* ContentView.swift */,
				F9736EED235EF9D0004535DD /* Assets.xcassets */,
				F9736EF2235EF9D0004535DD /* LaunchScreen.storyboard */,
				F9736EF5235EF9D0004535DD /* Info.plist */,
				F9736EEF235EF9D0004535DD /* Preview Content */,
			);
			path = "SiwftUI+JTAppleCalendar";
			sourceTree = "<group>";
		};
		F9736EEF235EF9D0004535DD /* Preview Content */ = {
			isa = PBXGroup;
			children = (
				F9736EF0235EF9D0004535DD /* Preview Assets.xcassets */,
			);
			path = "Preview Content";
			sourceTree = "<group>";
		};
		F9736EFB235EFA00004535DD /* Calendar */ = {
			isa = PBXGroup;
			children = (
				F9736EFC235EFA00004535DD /* DateCellView.swift */,
				F9736EFD235EFA00004535DD /* Calendar+SwiftUI.swift */,
				F9736EFE235EFA00004535DD /* CalendarView.storyboard */,
				F9736EFF235EFA00004535DD /* CalendarViewController.swift */,
			);
			path = Calendar;
			sourceTree = "<group>";
		};
/* End PBXGroup section */

/* Begin PBXNativeTarget section */
		F9736EE3235EF9CE004535DD /* SiwftUI+JTAppleCalendar */ = {
			isa = PBXNativeTarget;
			buildConfigurationList = F9736EF8235EF9D0004535DD /* Build configuration list for PBXNativeTarget "SiwftUI+JTAppleCalendar" */;
			buildPhases = (
				31B78ED9333C163C35C12AAB /* [CP] Check Pods Manifest.lock */,
				F9736EE0235EF9CE004535DD /* Sources */,
				F9736EE1235EF9CE004535DD /* Frameworks */,
				F9736EE2235EF9CE004535DD /* Resources */,
				F88C9AD6DD88D4693EFCE93B /* [CP] Embed Pods Frameworks */,
			);
			buildRules = (
			);
			dependencies = (
			);
			name = "SiwftUI+JTAppleCalendar";
			productName = "SiwftUI+JTAppleCalendar";
			productReference = F9736EE4235EF9CE004535DD /* SiwftUI+JTAppleCalendar.app */;
			productType = "com.apple.product-type.application";
		};
/* End PBXNativeTarget section */

/* Begin PBXProject section */
		F9736EDC235EF9CE004535DD /* Project object */ = {
			isa = PBXProject;
			attributes = {
				LastSwiftUpdateCheck = 1110;
				LastUpgradeCheck = 1110;
				ORGANIZATIONNAME = "Miotto Andrea";
				TargetAttributes = {
					F9736EE3235EF9CE004535DD = {
						CreatedOnToolsVersion = 11.1;
					};
				};
			};
			buildConfigurationList = F9736EDF235EF9CE004535DD /* Build configuration list for PBXProject "SiwftUI+JTAppleCalendar" */;
			compatibilityVersion = "Xcode 9.3";
			developmentRegion = en;
			hasScannedForEncodings = 0;
			knownRegions = (
				en,
				Base,
			);
			mainGroup = F9736EDB235EF9CE004535DD;
			productRefGroup = F9736EE5235EF9CE004535DD /* Products */;
			projectDirPath = "";
			projectRoot = "";
			targets = (
				F9736EE3235EF9CE004535DD /* SiwftUI+JTAppleCalendar */,
			);
		};
/* End PBXProject section */

/* Begin PBXResourcesBuildPhase section */
		F9736EE2235EF9CE004535DD /* Resources */ = {
			isa = PBXResourcesBuildPhase;
			buildActionMask = 2147483647;
			files = (
				F9736EF4235EF9D0004535DD /* LaunchScreen.storyboard in Resources */,
				F9736EF1235EF9D0004535DD /* Preview Assets.xcassets in Resources */,
				F9736EEE235EF9D0004535DD /* Assets.xcassets in Resources */,
				F9736F02235EFA01004535DD /* CalendarView.storyboard in Resources */,
			);
			runOnlyForDeploymentPostprocessing = 0;
		};
/* End PBXResourcesBuildPhase section */

/* Begin PBXShellScriptBuildPhase section */
		31B78ED9333C163C35C12AAB /* [CP] Check Pods Manifest.lock */ = {
			isa = PBXShellScriptBuildPhase;
			buildActionMask = 2147483647;
			files = (
			);
			inputFileListPaths = (
			);
			inputPaths = (
				"${PODS_PODFILE_DIR_PATH}/Podfile.lock",
				"${PODS_ROOT}/Manifest.lock",
			);
			name = "[CP] Check Pods Manifest.lock";
			outputFileListPaths = (
			);
			outputPaths = (
				"$(DERIVED_FILE_DIR)/Pods-SiwftUI+JTAppleCalendar-checkManifestLockResult.txt",
			);
			runOnlyForDeploymentPostprocessing = 0;
			shellPath = /bin/sh;
			shellScript = "diff \"${PODS_PODFILE_DIR_PATH}/Podfile.lock\" \"${PODS_ROOT}/Manifest.lock\" > /dev/null\nif [ $? != 0 ] ; then\n    # print error to STDERR\n    echo \"error: The sandbox is not in sync with the Podfile.lock. Run 'pod install' or update your CocoaPods installation.\" >&2\n    exit 1\nfi\n# This output is used by Xcode 'outputs' to avoid re-running this script phase.\necho \"SUCCESS\" > \"${SCRIPT_OUTPUT_FILE_0}\"\n";
			showEnvVarsInLog = 0;
		};
		F88C9AD6DD88D4693EFCE93B /* [CP] Embed Pods Frameworks */ = {
			isa = PBXShellScriptBuildPhase;
			buildActionMask = 2147483647;
			files = (
			);
			inputFileListPaths = (
				"${PODS_ROOT}/Target Support Files/Pods-SiwftUI+JTAppleCalendar/Pods-SiwftUI+JTAppleCalendar-frameworks-${CONFIGURATION}-input-files.xcfilelist",
			);
			name = "[CP] Embed Pods Frameworks";
			outputFileListPaths = (
				"${PODS_ROOT}/Target Support Files/Pods-SiwftUI+JTAppleCalendar/Pods-SiwftUI+JTAppleCalendar-frameworks-${CONFIGURATION}-output-files.xcfilelist",
			);
			runOnlyForDeploymentPostprocessing = 0;
			shellPath = /bin/sh;
			shellScript = "\"${PODS_ROOT}/Target Support Files/Pods-SiwftUI+JTAppleCalendar/Pods-SiwftUI+JTAppleCalendar-frameworks.sh\"\n";
			showEnvVarsInLog = 0;
		};
/* End PBXShellScriptBuildPhase section */

/* Begin PBXSourcesBuildPhase section */
		F9736EE0235EF9CE004535DD /* Sources */ = {
			isa = PBXSourcesBuildPhase;
			buildActionMask = 2147483647;
			files = (
				F9736F03235EFA01004535DD /* CalendarViewController.swift in Sources */,
				F9736EE8235EF9CE004535DD /* AppDelegate.swift in Sources */,
				F9736EEA235EF9CE004535DD /* SceneDelegate.swift in Sources */,
				F9736F00235EFA00004535DD /* DateCellView.swift in Sources */,
				F9736EEC235EF9CE004535DD /* ContentView.swift in Sources */,
				F9736F01235EFA01004535DD /* Calendar+SwiftUI.swift in Sources */,
			);
			runOnlyForDeploymentPostprocessing = 0;
		};
/* End PBXSourcesBuildPhase section */

/* Begin PBXVariantGroup section */
		F9736EF2235EF9D0004535DD /* LaunchScreen.storyboard */ = {
			isa = PBXVariantGroup;
			children = (
				F9736EF3235EF9D0004535DD /* Base */,
			);
			name = LaunchScreen.storyboard;
			sourceTree = "<group>";
		};
/* End PBXVariantGroup section */

/* Begin XCBuildConfiguration section */
		F9736EF6235EF9D0004535DD /* Debug */ = {
			isa = XCBuildConfiguration;
			buildSettings = {
				ALWAYS_SEARCH_USER_PATHS = NO;
				CLANG_ANALYZER_NONNULL = YES;
				CLANG_ANALYZER_NUMBER_OBJECT_CONVERSION = YES_AGGRESSIVE;
				CLANG_CXX_LANGUAGE_STANDARD = "gnu++14";
				CLANG_CXX_LIBRARY = "libc++";
				CLANG_ENABLE_MODULES = YES;
				CLANG_ENABLE_OBJC_ARC = YES;
				CLANG_ENABLE_OBJC_WEAK = YES;
				CLANG_WARN_BLOCK_CAPTURE_AUTORELEASING = YES;
				CLANG_WARN_BOOL_CONVERSION = YES;
				CLANG_WARN_COMMA = YES;
				CLANG_WARN_CONSTANT_CONVERSION = YES;
				CLANG_WARN_DEPRECATED_OBJC_IMPLEMENTATIONS = YES;
				CLANG_WARN_DIRECT_OBJC_ISA_USAGE = YES_ERROR;
				CLANG_WARN_DOCUMENTATION_COMMENTS = YES;
				CLANG_WARN_EMPTY_BODY = YES;
				CLANG_WARN_ENUM_CONVERSION = YES;
				CLANG_WARN_INFINITE_RECURSION = YES;
				CLANG_WARN_INT_CONVERSION = YES;
				CLANG_WARN_NON_LITERAL_NULL_CONVERSION = YES;
				CLANG_WARN_OBJC_IMPLICIT_RETAIN_SELF = YES;
				CLANG_WARN_OBJC_LITERAL_CONVERSION = YES;
				CLANG_WARN_OBJC_ROOT_CLASS = YES_ERROR;
				CLANG_WARN_RANGE_LOOP_ANALYSIS = YES;
				CLANG_WARN_STRICT_PROTOTYPES = YES;
				CLANG_WARN_SUSPICIOUS_MOVE = YES;
				CLANG_WARN_UNGUARDED_AVAILABILITY = YES_AGGRESSIVE;
				CLANG_WARN_UNREACHABLE_CODE = YES;
				CLANG_WARN__DUPLICATE_METHOD_MATCH = YES;
				COPY_PHASE_STRIP = NO;
				DEBUG_INFORMATION_FORMAT = dwarf;
				ENABLE_STRICT_OBJC_MSGSEND = YES;
				ENABLE_TESTABILITY = YES;
				GCC_C_LANGUAGE_STANDARD = gnu11;
				GCC_DYNAMIC_NO_PIC = NO;
				GCC_NO_COMMON_BLOCKS = YES;
				GCC_OPTIMIZATION_LEVEL = 0;
				GCC_PREPROCESSOR_DEFINITIONS = (
					"DEBUG=1",
					"$(inherited)",
				);
				GCC_WARN_64_TO_32_BIT_CONVERSION = YES;
				GCC_WARN_ABOUT_RETURN_TYPE = YES_ERROR;
				GCC_WARN_UNDECLARED_SELECTOR = YES;
				GCC_WARN_UNINITIALIZED_AUTOS = YES_AGGRESSIVE;
				GCC_WARN_UNUSED_FUNCTION = YES;
				GCC_WARN_UNUSED_VARIABLE = YES;
				IPHONEOS_DEPLOYMENT_TARGET = 13.1;
				MTL_ENABLE_DEBUG_INFO = INCLUDE_SOURCE;
				MTL_FAST_MATH = YES;
				ONLY_ACTIVE_ARCH = YES;
				SDKROOT = iphoneos;
				SWIFT_ACTIVE_COMPILATION_CONDITIONS = DEBUG;
				SWIFT_OPTIMIZATION_LEVEL = "-Onone";
			};
			name = Debug;
		};
		F9736EF7235EF9D0004535DD /* Release */ = {
			isa = XCBuildConfiguration;
			buildSettings = {
				ALWAYS_SEARCH_USER_PATHS = NO;
				CLANG_ANALYZER_NONNULL = YES;
				CLANG_ANALYZER_NUMBER_OBJECT_CONVERSION = YES_AGGRESSIVE;
				CLANG_CXX_LANGUAGE_STANDARD = "gnu++14";
				CLANG_CXX_LIBRARY = "libc++";
				CLANG_ENABLE_MODULES = YES;
				CLANG_ENABLE_OBJC_ARC = YES;
				CLANG_ENABLE_OBJC_WEAK = YES;
				CLANG_WARN_BLOCK_CAPTURE_AUTORELEASING = YES;
				CLANG_WARN_BOOL_CONVERSION = YES;
				CLANG_WARN_COMMA = YES;
				CLANG_WARN_CONSTANT_CONVERSION = YES;
				CLANG_WARN_DEPRECATED_OBJC_IMPLEMENTATIONS = YES;
				CLANG_WARN_DIRECT_OBJC_ISA_USAGE = YES_ERROR;
				CLANG_WARN_DOCUMENTATION_COMMENTS = YES;
				CLANG_WARN_EMPTY_BODY = YES;
				CLANG_WARN_ENUM_CONVERSION = YES;
				CLANG_WARN_INFINITE_RECURSION = YES;
				CLANG_WARN_INT_CONVERSION = YES;
				CLANG_WARN_NON_LITERAL_NULL_CONVERSION = YES;
				CLANG_WARN_OBJC_IMPLICIT_RETAIN_SELF = YES;
				CLANG_WARN_OBJC_LITERAL_CONVERSION = YES;
				CLANG_WARN_OBJC_ROOT_CLASS = YES_ERROR;
				CLANG_WARN_RANGE_LOOP_ANALYSIS = YES;
				CLANG_WARN_STRICT_PROTOTYPES = YES;
				CLANG_WARN_SUSPICIOUS_MOVE = YES;
				CLANG_WARN_UNGUARDED_AVAILABILITY = YES_AGGRESSIVE;
				CLANG_WARN_UNREACHABLE_CODE = YES;
				CLANG_WARN__DUPLICATE_METHOD_MATCH = YES;
				COPY_PHASE_STRIP = NO;
				DEBUG_INFORMATION_FORMAT = "dwarf-with-dsym";
				ENABLE_NS_ASSERTIONS = NO;
				ENABLE_STRICT_OBJC_MSGSEND = YES;
				GCC_C_LANGUAGE_STANDARD = gnu11;
				GCC_NO_COMMON_BLOCKS = YES;
				GCC_WARN_64_TO_32_BIT_CONVERSION = YES;
				GCC_WARN_ABOUT_RETURN_TYPE = YES_ERROR;
				GCC_WARN_UNDECLARED_SELECTOR = YES;
				GCC_WARN_UNINITIALIZED_AUTOS = YES_AGGRESSIVE;
				GCC_WARN_UNUSED_FUNCTION = YES;
				GCC_WARN_UNUSED_VARIABLE = YES;
				IPHONEOS_DEPLOYMENT_TARGET = 13.1;
				MTL_ENABLE_DEBUG_INFO = NO;
				MTL_FAST_MATH = YES;
				SDKROOT = iphoneos;
				SWIFT_COMPILATION_MODE = wholemodule;
				SWIFT_OPTIMIZATION_LEVEL = "-O";
				VALIDATE_PRODUCT = YES;
			};
			name = Release;
		};
		F9736EF9235EF9D0004535DD /* Debug */ = {
			isa = XCBuildConfiguration;
			baseConfigurationReference = E72B65E4EB3BBDBA14A2EF4F /* Pods-SiwftUI+JTAppleCalendar.debug.xcconfig */;
			buildSettings = {
				ASSETCATALOG_COMPILER_APPICON_NAME = AppIcon;
				CODE_SIGN_STYLE = Automatic;
				DEVELOPMENT_ASSET_PATHS = "\"SiwftUI+JTAppleCalendar/Preview Content\"";
				DEVELOPMENT_TEAM = 23536XD8LD;
				ENABLE_PREVIEWS = YES;
				INFOPLIST_FILE = "SiwftUI+JTAppleCalendar/Info.plist";
				LD_RUNPATH_SEARCH_PATHS = (
					"$(inherited)",
					"@executable_path/Frameworks",
				);
				PRODUCT_BUNDLE_IDENTIFIER = "com.miotto.SiwftUI-JTAppleCalendar";
				PRODUCT_NAME = "$(TARGET_NAME)";
				SWIFT_VERSION = 5.0;
				TARGETED_DEVICE_FAMILY = "1,2";
			};
			name = Debug;
		};
		F9736EFA235EF9D0004535DD /* Release */ = {
			isa = XCBuildConfiguration;
			baseConfigurationReference = 5415F2719102C76F6818410A /* Pods-SiwftUI+JTAppleCalendar.release.xcconfig */;
			buildSettings = {
				ASSETCATALOG_COMPILER_APPICON_NAME = AppIcon;
				CODE_SIGN_STYLE = Automatic;
				DEVELOPMENT_ASSET_PATHS = "\"SiwftUI+JTAppleCalendar/Preview Content\"";
				DEVELOPMENT_TEAM = 23536XD8LD;
				ENABLE_PREVIEWS = YES;
				INFOPLIST_FILE = "SiwftUI+JTAppleCalendar/Info.plist";
				LD_RUNPATH_SEARCH_PATHS = (
					"$(inherited)",
					"@executable_path/Frameworks",
				);
				PRODUCT_BUNDLE_IDENTIFIER = "com.miotto.SiwftUI-JTAppleCalendar";
				PRODUCT_NAME = "$(TARGET_NAME)";
				SWIFT_VERSION = 5.0;
				TARGETED_DEVICE_FAMILY = "1,2";
			};
			name = Release;
		};
/* End XCBuildConfiguration section */

/* Begin XCConfigurationList section */
		F9736EDF235EF9CE004535DD /* Build configuration list for PBXProject "SiwftUI+JTAppleCalendar" */ = {
			isa = XCConfigurationList;
			buildConfigurations = (
				F9736EF6235EF9D0004535DD /* Debug */,
				F9736EF7235EF9D0004535DD /* Release */,
			);
			defaultConfigurationIsVisible = 0;
			defaultConfigurationName = Release;
		};
		F9736EF8235EF9D0004535DD /* Build configuration list for PBXNativeTarget "SiwftUI+JTAppleCalendar" */ = {
			isa = XCConfigurationList;
			buildConfigurations = (
				F9736EF9235EF9D0004535DD /* Debug */,
				F9736EFA235EF9D0004535DD /* Release */,
			);
			defaultConfigurationIsVisible = 0;
			defaultConfigurationName = Release;
		};
/* End XCConfigurationList section */
	};
	rootObject = F9736EDC235EF9CE004535DD /* Project object */;
}
